
Microsoft Visual Studio Solution File, Format Version 11.00
# Visual Studio 2010
Project("{8BC9CEB8-8B4A-11D0-8D11-00A0C91BC942}") = "Lib_info_System", "Lib_info_System\Lib_info_System.vcxproj", "{10C7C956-4C7D-4137-8F67-02D7D60D19CE}"
EndProject
Global
	GlobalSection(SolutionConfigurationPlatforms) = preSolution
		Debug|Win32 = Debug|Win32
		Release|Win32 = Release|Win32
	EndGlobalSection
	GlobalSection(ProjectConfigurationPlatforms) = postSolution
		{10C7C956-4C7D-4137-8F67-02D7D60D19CE}.Debug|Win32.ActiveCfg = Debug|Win32
		{10C7C956-4C7D-4137-8F67-02D7D60D19CE}.Debug|Win32.Build.0 = Debug|Win32
		{10C7C956-4C7D-4137-8F67-02D7D60D19CE}.Release|Win32.ActiveCfg = Release|Win32
		{10C7C956-4C7D-4137-8F67-02D7D60D19CE}.Release|Win32.Build.0 = Release|Win32
	EndGlobalSection
	GlobalSection(SolutionProperties) = preSolution
		HideSolutionNode = FALSE
	EndGlobalSection
EndGlobal
